<?xml version="1.0" encoding="utf-8"?>
<Project ToolsVersion="4.0" xmlns="http://schemas.microsoft.com/developer/msbuild/2003">
  <ItemGroup>
    <Filter Include="Source Files">
      <UniqueIdentifier>{fc688bbe-4300-4032-83b3-76fce6f29af2}</UniqueIdentifier>
      <Extensions>cpp;c;cxx;def;odl;idl;hpj;bat;asm</Extensions>
    </Filter>
    <Filter Include="Header Files">
      <UniqueIdentifier>{320b3b18-8754-46d9-93e5-37930d5dd01d}</UniqueIdentifier>
      <Extensions>h;hpp;hxx;hm;inl;inc</Extensions>
    </Filter>
    <Filter Include="Resources">
      <UniqueIdentifier>{6a9ff7e0-000f-4d05-9aee-f7b510527f91}</UniqueIdentifier>
    </Filter>
  </ItemGroup>
  <ItemGroup>
    <ClCompile Include="..\..\Sources\ComponentStub.cpp">
      <Filter>Source Files</Filter>
    </ClCompile>
    <ClCompile Include="..\..\Sources\Groups.cpp">
      <Filter>Source Files</Filter>
    </ClCompile>
    <ClCompile Include="..\..\Sources\JsUAG.cpp">
      <Filter>Source Files</Filter>
    </ClCompile>
    <ClCompile Include="..\..\Sources\UAG.cpp">
      <Filter>Source Files</Filter>
    </ClCompile>
    <ClCompile Include="..\..\Sources\UAGHeadersPCH.cpp">
      <Filter>Source Files</Filter>
    </ClCompile>
    <ClCompile Include="..\..\Sources\Users.cpp">
      <Filter>Source Files</Filter>
    </ClCompile>
    <ClCompile Include="..\..\Sources\Utils.cpp">
      <Filter>Source Files</Filter>
    </ClCompile>
  </ItemGroup>
  <ItemGroup>
    <ClInclude Include="..\..\Sources\Groups.h">
      <Filter>Source Files</Filter>
    </ClInclude>
    <ClInclude Include="..\..\Sources\JsUAG.h">
      <Filter>Source Files</Filter>
    </ClInclude>
    <ClInclude Include="..\..\Sources\UAG.h">
      <Filter>Source Files</Filter>
    </ClInclude>
    <ClInclude Include="..\..\Sources\UAGHeaders.h">
      <Filter>Source Files</Filter>
    </ClInclude>
    <ClInclude Include="..\..\Sources\Users.h">
      <Filter>Source Files</Filter>
    </ClInclude>
    <ClInclude Include="..\..\Sources\Utils.h">
      <Filter>Source Files</Filter>
    </ClInclude>
    <ClInclude Include="..\..\Sources\UsersAndGroups.h">
      <Filter>Header Files</Filter>
    </ClInclude>
  </ItemGroup>
  <ItemGroup>
    <None Include="..\..\Resources\importUAG.js">
      <Filter>Resources</Filter>
    </None>
    <None Include="..\..\Resources\methodCall.js">
      <Filter>Resources</Filter>
    </None>
    <None Include="..\..\Resources\uag.waModel">
      <Filter>Resources</Filter>
    </None>
  </ItemGroup>
  <ItemGroup>
    <CustomBuild Include="..\..\Resources\en.lproj\UAG.xlf">
      <Filter>Resources</Filter>
    </CustomBuild>
  </ItemGroup>
</Project>