<?xml version="1.0" encoding="utf-8"?>
<Project ToolsVersion="4.0" xmlns="http://schemas.microsoft.com/developer/msbuild/2003">
  <ItemGroup>
    <Filter Include="lex Files">
      <UniqueIdentifier>{4FC737F1-C7A5-4376-A066-2A32D752A2FF}</UniqueIdentifier>
      <Extensions>cpp;c;cc;cxx;def;odl;idl;hpj;bat;asm;asmx</Extensions>
    </Filter>
    <Filter Include="c files">
      <UniqueIdentifier>{4b559d4c-f640-42e8-bde1-043fd07ef2ac}</UniqueIdentifier>
    </Filter>
  </ItemGroup>
  <ItemGroup>
    <Flex Include="html.lex">
      <Filter>lex Files</Filter>
    </Flex>
    <Flex Include="php.lex">
      <Filter>lex Files</Filter>
    </Flex>
    <Flex Include="xml.lex">
      <Filter>lex Files</Filter>
    </Flex>
  </ItemGroup>
  <ItemGroup>
    <ClCompile Include="html.lexer.c">
      <Filter>c files</Filter>
    </ClCompile>
    <ClCompile Include="php.lexer.c">
      <Filter>c files</Filter>
    </ClCompile>
    <ClCompile Include="xml.lexer.c">
      <Filter>c files</Filter>
    </ClCompile>
  </ItemGroup>
  <ItemGroup>
    <Text Include="how to generate files.txt" />
  </ItemGroup>
</Project>