<?xml version="1.0" encoding="utf-8"?>
<Project ToolsVersion="4.0" xmlns="http://schemas.microsoft.com/developer/msbuild/2003">
  <ItemGroup>
    <Filter Include="Source Files">
      <UniqueIdentifier>{4FC737F1-C7A5-4376-A066-2A32D752A2FF}</UniqueIdentifier>
      <Extensions>cpp;c;cc;cxx;def;odl;idl;hpj;bat;asm;asmx</Extensions>
    </Filter>
    <Filter Include="Interface">
      <UniqueIdentifier>{0b5c2818-f6f8-42fc-8e04-0781f9a636e1}</UniqueIdentifier>
    </Filter>
    <Filter Include="Resource Files">
      <UniqueIdentifier>{67DA6AB6-F800-4c08-8B7A-83BB121AAD01}</UniqueIdentifier>
      <Extensions>rc;ico;cur;bmp;dlg;rc2;rct;bin;rgs;gif;jpg;jpeg;jpe;resx;tiff;tif;png;wav</Extensions>
    </Filter>
  </ItemGroup>
  <ItemGroup>
    <ClCompile Include="..\..\Sources\ComponentStub.cpp">
      <Filter>Source Files</Filter>
    </ClCompile>
    <ClCompile Include="..\..\Sources\CSSSyntax.cpp">
      <Filter>Source Files</Filter>
    </ClCompile>
    <ClCompile Include="..\..\Sources\html.lexer.c">
      <Filter>Source Files</Filter>
    </ClCompile>
    <ClCompile Include="..\..\Sources\HTMLLexer.cpp">
      <Filter>Source Files</Filter>
    </ClCompile>
    <ClCompile Include="..\..\Sources\HTMLParser.cpp">
      <Filter>Source Files</Filter>
    </ClCompile>
    <ClCompile Include="..\..\Sources\HTMLSyntax.cpp">
      <Filter>Source Files</Filter>
    </ClCompile>
    <ClCompile Include="..\..\Sources\JavaScriptAST.cpp">
      <Filter>Source Files</Filter>
    </ClCompile>
    <ClCompile Include="..\..\Sources\JavaScriptLexer.cpp">
      <Filter>Source Files</Filter>
    </ClCompile>
    <ClCompile Include="..\..\Sources\JavaScriptParser.cpp">
      <Filter>Source Files</Filter>
    </ClCompile>
    <ClCompile Include="..\..\Sources\JavaScriptSyntax.cpp">
      <Filter>Source Files</Filter>
    </ClCompile>
    <ClCompile Include="..\..\Sources\LanguageSyntax.cpp">
      <Filter>Source Files</Filter>
    </ClCompile>
    <ClCompile Include="..\..\Sources\LanguageSyntaxComponent.cpp">
      <Filter>Source Files</Filter>
    </ClCompile>
    <ClCompile Include="..\..\Sources\LanguageSyntaxPCH.cpp">
      <Filter>Source Files</Filter>
    </ClCompile>
    <ClCompile Include="..\..\Sources\php.lexer.c">
      <Filter>Source Files</Filter>
    </ClCompile>
    <ClCompile Include="..\..\Sources\PHPSyntax.cpp">
      <Filter>Source Files</Filter>
    </ClCompile>
    <ClCompile Include="..\..\Sources\PHPSyntaxData.cpp">
      <Filter>Source Files</Filter>
    </ClCompile>
    <ClCompile Include="..\..\Sources\ScriptDoc.cpp">
      <Filter>Source Files</Filter>
    </ClCompile>
    <ClCompile Include="..\..\Sources\SQLSyntax.cpp">
      <Filter>Source Files</Filter>
    </ClCompile>
    <ClCompile Include="..\..\Sources\SymbolTable.cpp">
      <Filter>Source Files</Filter>
    </ClCompile>
    <ClCompile Include="..\..\Sources\xml.lexer.c">
      <Filter>Source Files</Filter>
    </ClCompile>
    <ClCompile Include="..\..\Sources\XMLSyntax.cpp">
      <Filter>Source Files</Filter>
    </ClCompile>
  </ItemGroup>
  <ItemGroup>
    <ClInclude Include="..\..\Sources\CSSSyntax.h">
      <Filter>Source Files</Filter>
    </ClInclude>
    <ClInclude Include="..\..\Sources\html.lexer.h">
      <Filter>Source Files</Filter>
    </ClInclude>
    <ClInclude Include="..\..\Sources\HTMLLexer.h">
      <Filter>Source Files</Filter>
    </ClInclude>
    <ClInclude Include="..\..\Sources\HTMLParser.h">
      <Filter>Source Files</Filter>
    </ClInclude>
    <ClInclude Include="..\..\Sources\HTMLSyntax.h">
      <Filter>Source Files</Filter>
    </ClInclude>
    <ClInclude Include="..\..\Sources\JavaScriptAST.h">
      <Filter>Source Files</Filter>
    </ClInclude>
    <ClInclude Include="..\..\Sources\JavaScriptLexer.h">
      <Filter>Source Files</Filter>
    </ClInclude>
    <ClInclude Include="..\..\Sources\JavaScriptParser.h">
      <Filter>Source Files</Filter>
    </ClInclude>
    <ClInclude Include="..\..\Sources\JavaScriptSyntax.h">
      <Filter>Source Files</Filter>
    </ClInclude>
    <ClInclude Include="..\..\Sources\LanguageSyntax.h">
      <Filter>Source Files</Filter>
    </ClInclude>
    <ClInclude Include="..\..\Sources\LanguageSyntaxComponent.h">
      <Filter>Source Files</Filter>
    </ClInclude>
    <ClInclude Include="..\..\Sources\LanguageSyntaxHeaders.h">
      <Filter>Source Files</Filter>
    </ClInclude>
    <ClInclude Include="..\..\Sources\php.lexer.h">
      <Filter>Source Files</Filter>
    </ClInclude>
    <ClInclude Include="..\..\Sources\PHPSyntax.h">
      <Filter>Source Files</Filter>
    </ClInclude>
    <ClInclude Include="..\..\Sources\ScriptDoc.h">
      <Filter>Source Files</Filter>
    </ClInclude>
    <ClInclude Include="..\..\Sources\SQLSyntax.h">
      <Filter>Source Files</Filter>
    </ClInclude>
    <ClInclude Include="..\..\Sources\SymbolTable.h">
      <Filter>Source Files</Filter>
    </ClInclude>
    <ClInclude Include="..\..\Sources\xml.lexer.h">
      <Filter>Source Files</Filter>
    </ClInclude>
    <ClInclude Include="..\..\Sources\XMLSyntax.h">
      <Filter>Source Files</Filter>
    </ClInclude>
    <ClInclude Include="..\..\CLanguageSyntax.h">
      <Filter>Interface</Filter>
    </ClInclude>
    <ClInclude Include="..\..\LanguageSyntaxBagKeys.h">
      <Filter>Interface</Filter>
    </ClInclude>
  </ItemGroup>
</Project>